
Microsoft Visual Studio Solution File, Format Version 12.00
# Visual Studio Version 17
VisualStudioVersion = 17.5.33516.290
MinimumVisualStudioVersion = 10.0.40219.1
Project("{9A19103F-16F7-4668-BE54-9A1E7A4F7556}") = "AuthenticationWithGoogle", "AuthenticationWithGoogle\AuthenticationWithGoogle.csproj", "{542F0ABE-67C7-4C24-BA8A-973CDCE8A7BF}"
EndProject
Global
	GlobalSection(SolutionConfigurationPlatforms) = preSolution
		Debug|Any CPU = Debug|Any CPU
		Release|Any CPU = Release|Any CPU
	EndGlobalSection
	GlobalSection(ProjectConfigurationPlatforms) = postSolution
		{542F0ABE-67C7-4C24-BA8A-973CDCE8A7BF}.Debug|Any CPU.ActiveCfg = Debug|Any CPU
		{542F0ABE-67C7-4C24-BA8A-973CDCE8A7BF}.Debug|Any CPU.Build.0 = Debug|Any CPU
		{542F0ABE-67C7-4C24-BA8A-973CDCE8A7BF}.Release|Any CPU.ActiveCfg = Release|Any CPU
		{542F0ABE-67C7-4C24-BA8A-973CDCE8A7BF}.Release|Any CPU.Build.0 = Release|Any CPU
	EndGlobalSection
	GlobalSection(SolutionProperties) = preSolution
		HideSolutionNode = FALSE
	EndGlobalSection
	GlobalSection(ExtensibilityGlobals) = postSolution
		SolutionGuid = {A68274C6-D0F2-48E8-BCCB-B6C681B37480}
	EndGlobalSection
EndGlobal
